# THIS IS AN AUTOGENERATED FILE. DO NOT EDIT THIS FILE DIRECTLY.
# yarn lockfile v1


react-next-tilt@^0.4.3:
  version "0.4.3"
  resolved "https://registry.yarnpkg.com/react-next-tilt/-/react-next-tilt-0.4.3.tgz#c76d01529c56f994eb37de4b3e806abeef4ee384"
  integrity sha512-zvvYa0g1xRGEAE2q7HHbQ68NCShrbhsKkczQ2IsoQulgXxbEIN9GILzGv4KvqvvCN/cZlSv8k9phpsG27RmSoQ==
